
Microsoft Visual Studio Solution File, Format Version 12.00
# Visual Studio Version 16
VisualStudioVersion = 16.0.30128.74
MinimumVisualStudioVersion = 15.0.26124.0
Project("{9A19103F-16F7-4668-BE54-9A1E7A4F7556}") = "Liquro.Inventory.Management.Web", "Liquro.Inventory.Management.Web\Liquro.Inventory.Management.Web.csproj", "{82D0B844-58AA-4695-B0FC-5DCABE900BED}"
EndProject
Project("{9A19103F-16F7-4668-BE54-9A1E7A4F7556}") = "Liquro.Inventory.Management.Services", "Liquro.Inventory.Management.Services\Liquro.Inventory.Management.Services.csproj", "{FA86D3FC-0308-452A-A173-D15CDB8C7036}"
EndProject
Project("{9A19103F-16F7-4668-BE54-9A1E7A4F7556}") = "Liquro.Inventory.Management.Models", "Liquro.Inventory.Management.Models\Liquro.Inventory.Management.Models.csproj", "{3C3AB21B-C79D-43F2-9DA0-19CE4FAC2C6C}"
EndProject
Project("{9A19103F-16F7-4668-BE54-9A1E7A4F7556}") = "Liquro.Inventory.Management.Entities", "Liquro.Inventory.Management.Entities\Liquro.Inventory.Management.Entities.csproj", "{FA7072AA-EE86-484C-8E9C-F4289BD295D4}"
EndProject
Project("{9A19103F-16F7-4668-BE54-9A1E7A4F7556}") = "Liquro.Inventory.Management.Data", "Liquro.Inventory.Management.Data\Liquro.Inventory.Management.Data.csproj", "{FEC3310D-695C-41CB-8D0F-FEBF7424F4D2}"
EndProject
Project("{2150E333-8FDC-42A3-9474-1A3956D46DE8}") = "Solution Items", "Solution Items", "{C2ADA55B-BA7D-4BE3-8653-90A1B2BFE949}"
	ProjectSection(SolutionItems) = preProject
		.editorconfig = .editorconfig
	EndProjectSection
EndProject
Global
	GlobalSection(SolutionConfigurationPlatforms) = preSolution
		Debug|Any CPU = Debug|Any CPU
		Debug|x64 = Debug|x64
		Debug|x86 = Debug|x86
		Release|Any CPU = Release|Any CPU
		Release|x64 = Release|x64
		Release|x86 = Release|x86
	EndGlobalSection
	GlobalSection(ProjectConfigurationPlatforms) = postSolution
		{82D0B844-58AA-4695-B0FC-5DCABE900BED}.Debug|Any CPU.ActiveCfg = Debug|Any CPU
		{82D0B844-58AA-4695-B0FC-5DCABE900BED}.Debug|Any CPU.Build.0 = Debug|Any CPU
		{82D0B844-58AA-4695-B0FC-5DCABE900BED}.Debug|x64.ActiveCfg = Debug|Any CPU
		{82D0B844-58AA-4695-B0FC-5DCABE900BED}.Debug|x64.Build.0 = Debug|Any CPU
		{82D0B844-58AA-4695-B0FC-5DCABE900BED}.Debug|x86.ActiveCfg = Debug|Any CPU
		{82D0B844-58AA-4695-B0FC-5DCABE900BED}.Debug|x86.Build.0 = Debug|Any CPU
		{82D0B844-58AA-4695-B0FC-5DCABE900BED}.Release|Any CPU.ActiveCfg = Release|Any CPU
		{82D0B844-58AA-4695-B0FC-5DCABE900BED}.Release|Any CPU.Build.0 = Release|Any CPU
		{82D0B844-58AA-4695-B0FC-5DCABE900BED}.Release|x64.ActiveCfg = Release|Any CPU
		{82D0B844-58AA-4695-B0FC-5DCABE900BED}.Release|x64.Build.0 = Release|Any CPU
		{82D0B844-58AA-4695-B0FC-5DCABE900BED}.Release|x86.ActiveCfg = Release|Any CPU
		{82D0B844-58AA-4695-B0FC-5DCABE900BED}.Release|x86.Build.0 = Release|Any CPU
		{FA86D3FC-0308-452A-A173-D15CDB8C7036}.Debug|Any CPU.ActiveCfg = Debug|Any CPU
		{FA86D3FC-0308-452A-A173-D15CDB8C7036}.Debug|Any CPU.Build.0 = Debug|Any CPU
		{FA86D3FC-0308-452A-A173-D15CDB8C7036}.Debug|x64.ActiveCfg = Debug|Any CPU
		{FA86D3FC-0308-452A-A173-D15CDB8C7036}.Debug|x64.Build.0 = Debug|Any CPU
		{FA86D3FC-0308-452A-A173-D15CDB8C7036}.Debug|x86.ActiveCfg = Debug|Any CPU
		{FA86D3FC-0308-452A-A173-D15CDB8C7036}.Debug|x86.Build.0 = Debug|Any CPU
		{FA86D3FC-0308-452A-A173-D15CDB8C7036}.Release|Any CPU.ActiveCfg = Release|Any CPU
		{FA86D3FC-0308-452A-A173-D15CDB8C7036}.Release|Any CPU.Build.0 = Release|Any CPU
		{FA86D3FC-0308-452A-A173-D15CDB8C7036}.Release|x64.ActiveCfg = Release|Any CPU
		{FA86D3FC-0308-452A-A173-D15CDB8C7036}.Release|x64.Build.0 = Release|Any CPU
		{FA86D3FC-0308-452A-A173-D15CDB8C7036}.Release|x86.ActiveCfg = Release|Any CPU
		{FA86D3FC-0308-452A-A173-D15CDB8C7036}.Release|x86.Build.0 = Release|Any CPU
		{3C3AB21B-C79D-43F2-9DA0-19CE4FAC2C6C}.Debug|Any CPU.ActiveCfg = Debug|Any CPU
		{3C3AB21B-C79D-43F2-9DA0-19CE4FAC2C6C}.Debug|Any CPU.Build.0 = Debug|Any CPU
		{3C3AB21B-C79D-43F2-9DA0-19CE4FAC2C6C}.Debug|x64.ActiveCfg = Debug|Any CPU
		{3C3AB21B-C79D-43F2-9DA0-19CE4FAC2C6C}.Debug|x64.Build.0 = Debug|Any CPU
		{3C3AB21B-C79D-43F2-9DA0-19CE4FAC2C6C}.Debug|x86.ActiveCfg = Debug|Any CPU
		{3C3AB21B-C79D-43F2-9DA0-19CE4FAC2C6C}.Debug|x86.Build.0 = Debug|Any CPU
		{3C3AB21B-C79D-43F2-9DA0-19CE4FAC2C6C}.Release|Any CPU.ActiveCfg = Release|Any CPU
		{3C3AB21B-C79D-43F2-9DA0-19CE4FAC2C6C}.Release|Any CPU.Build.0 = Release|Any CPU
		{3C3AB21B-C79D-43F2-9DA0-19CE4FAC2C6C}.Release|x64.ActiveCfg = Release|Any CPU
		{3C3AB21B-C79D-43F2-9DA0-19CE4FAC2C6C}.Release|x64.Build.0 = Release|Any CPU
		{3C3AB21B-C79D-43F2-9DA0-19CE4FAC2C6C}.Release|x86.ActiveCfg = Release|Any CPU
		{3C3AB21B-C79D-43F2-9DA0-19CE4FAC2C6C}.Release|x86.Build.0 = Release|Any CPU
		{FA7072AA-EE86-484C-8E9C-F4289BD295D4}.Debug|Any CPU.ActiveCfg = Debug|Any CPU
		{FA7072AA-EE86-484C-8E9C-F4289BD295D4}.Debug|Any CPU.Build.0 = Debug|Any CPU
		{FA7072AA-EE86-484C-8E9C-F4289BD295D4}.Debug|x64.ActiveCfg = Debug|Any CPU
		{FA7072AA-EE86-484C-8E9C-F4289BD295D4}.Debug|x64.Build.0 = Debug|Any CPU
		{FA7072AA-EE86-484C-8E9C-F4289BD295D4}.Debug|x86.ActiveCfg = Debug|Any CPU
		{FA7072AA-EE86-484C-8E9C-F4289BD295D4}.Debug|x86.Build.0 = Debug|Any CPU
		{FA7072AA-EE86-484C-8E9C-F4289BD295D4}.Release|Any CPU.ActiveCfg = Release|Any CPU
		{FA7072AA-EE86-484C-8E9C-F4289BD295D4}.Release|Any CPU.Build.0 = Release|Any CPU
		{FA7072AA-EE86-484C-8E9C-F4289BD295D4}.Release|x64.ActiveCfg = Release|Any CPU
		{FA7072AA-EE86-484C-8E9C-F4289BD295D4}.Release|x64.Build.0 = Release|Any CPU
		{FA7072AA-EE86-484C-8E9C-F4289BD295D4}.Release|x86.ActiveCfg = Release|Any CPU
		{FA7072AA-EE86-484C-8E9C-F4289BD295D4}.Release|x86.Build.0 = Release|Any CPU
		{FEC3310D-695C-41CB-8D0F-FEBF7424F4D2}.Debug|Any CPU.ActiveCfg = Debug|Any CPU
		{FEC3310D-695C-41CB-8D0F-FEBF7424F4D2}.Debug|Any CPU.Build.0 = Debug|Any CPU
		{FEC3310D-695C-41CB-8D0F-FEBF7424F4D2}.Debug|x64.ActiveCfg = Debug|Any CPU
		{FEC3310D-695C-41CB-8D0F-FEBF7424F4D2}.Debug|x64.Build.0 = Debug|Any CPU
		{FEC3310D-695C-41CB-8D0F-FEBF7424F4D2}.Debug|x86.ActiveCfg = Debug|Any CPU
		{FEC3310D-695C-41CB-8D0F-FEBF7424F4D2}.Debug|x86.Build.0 = Debug|Any CPU
		{FEC3310D-695C-41CB-8D0F-FEBF7424F4D2}.Release|Any CPU.ActiveCfg = Release|Any CPU
		{FEC3310D-695C-41CB-8D0F-FEBF7424F4D2}.Release|Any CPU.Build.0 = Release|Any CPU
		{FEC3310D-695C-41CB-8D0F-FEBF7424F4D2}.Release|x64.ActiveCfg = Release|Any CPU
		{FEC3310D-695C-41CB-8D0F-FEBF7424F4D2}.Release|x64.Build.0 = Release|Any CPU
		{FEC3310D-695C-41CB-8D0F-FEBF7424F4D2}.Release|x86.ActiveCfg = Release|Any CPU
		{FEC3310D-695C-41CB-8D0F-FEBF7424F4D2}.Release|x86.Build.0 = Release|Any CPU
	EndGlobalSection
	GlobalSection(SolutionProperties) = preSolution
		HideSolutionNode = FALSE
	EndGlobalSection
	GlobalSection(ExtensibilityGlobals) = postSolution
		SolutionGuid = {4C618AFE-EB91-4EB9-8A7D-C881D93852A8}
	EndGlobalSection
EndGlobal
